
Microsoft Visual Studio Solution File, Format Version 12.00
# Visual Studio Version 17
VisualStudioVersion = 17.4.33110.190
MinimumVisualStudioVersion = 10.0.40219.1
Project("{9A19103F-16F7-4668-BE54-9A1E7A4F7556}") = "Tederean.Apius", "Tederean.Apius\Tederean.Apius.csproj", "{85B5E44C-BAED-4A4C-A3A8-EE5C2AB873D5}"
EndProject
Project("{9A19103F-16F7-4668-BE54-9A1E7A4F7556}") = "Tederean.Apius.Core", "Tederean.Apius.Core\Tederean.Apius.Core.csproj", "{97B7247E-503A-41CB-9F68-43E40B07937C}"
EndProject
Project("{9A19103F-16F7-4668-BE54-9A1E7A4F7556}") = "LibreHardwareMonitorLib", "..\LibreHardwareMonitor\LibreHardwareMonitorLib\LibreHardwareMonitorLib.csproj", "{A4CA7C63-6B2A-45F9-A92B-FCDBED819241}"
EndProject
Global
	GlobalSection(SolutionConfigurationPlatforms) = preSolution
		Debug|Any CPU = Debug|Any CPU
		Release|Any CPU = Release|Any CPU
	EndGlobalSection
	GlobalSection(ProjectConfigurationPlatforms) = postSolution
		{85B5E44C-BAED-4A4C-A3A8-EE5C2AB873D5}.Debug|Any CPU.ActiveCfg = Debug|Any CPU
		{85B5E44C-BAED-4A4C-A3A8-EE5C2AB873D5}.Debug|Any CPU.Build.0 = Debug|Any CPU
		{85B5E44C-BAED-4A4C-A3A8-EE5C2AB873D5}.Release|Any CPU.ActiveCfg = Release|Any CPU
		{85B5E44C-BAED-4A4C-A3A8-EE5C2AB873D5}.Release|Any CPU.Build.0 = Release|Any CPU
		{97B7247E-503A-41CB-9F68-43E40B07937C}.Debug|Any CPU.ActiveCfg = Debug|Any CPU
		{97B7247E-503A-41CB-9F68-43E40B07937C}.Debug|Any CPU.Build.0 = Debug|Any CPU
		{97B7247E-503A-41CB-9F68-43E40B07937C}.Release|Any CPU.ActiveCfg = Release|Any CPU
		{97B7247E-503A-41CB-9F68-43E40B07937C}.Release|Any CPU.Build.0 = Release|Any CPU
		{A4CA7C63-6B2A-45F9-A92B-FCDBED819241}.Debug|Any CPU.ActiveCfg = Debug|Any CPU
		{A4CA7C63-6B2A-45F9-A92B-FCDBED819241}.Debug|Any CPU.Build.0 = Debug|Any CPU
		{A4CA7C63-6B2A-45F9-A92B-FCDBED819241}.Release|Any CPU.ActiveCfg = Release|Any CPU
		{A4CA7C63-6B2A-45F9-A92B-FCDBED819241}.Release|Any CPU.Build.0 = Release|Any CPU
	EndGlobalSection
	GlobalSection(SolutionProperties) = preSolution
		HideSolutionNode = FALSE
	EndGlobalSection
	GlobalSection(ExtensibilityGlobals) = postSolution
		SolutionGuid = {168D589E-BDAE-41EE-8432-96A1DB641C3C}
	EndGlobalSection
EndGlobal
